// !$*UTF8*$!
{
	archiveVersion = 1;
	classes = {
	};
	objectVersion = 55;
	objects = {

/* Begin PBXBuildFile section */
		1981C76A2785B88B00532A19 /* App.swift in Sources */ = {isa = PBXBuildFile; fileRef = 1981C7692785B88B00532A19 /* App.swift */; };
		1981C76C2785B88B00532A19 /* ContentView.swift in Sources */ = {isa = PBXBuildFile; fileRef = 1981C76B2785B88B00532A19 /* ContentView.swift */; };
		1981C76E2785B88C00532A19 /* Assets.xcassets in Resources */ = {isa = PBXBuildFile; fileRef = 1981C76D2785B88C00532A19 /* Assets.xcassets */; };
		1981C7712785B88C00532A19 /* Preview Assets.xcassets in Resources */ = {isa = PBXBuildFile; fileRef = 1981C7702785B88C00532A19 /* Preview Assets.xcassets */; };
		1981C77B2785B88C00532A19 /* SwiftUIToolBoxTests.swift in Sources */ = {isa = PBXBuildFile; fileRef = 1981C77A2785B88C00532A19 /* SwiftUIToolBoxTests.swift */; };
		1981C7942785BBE100532A19 /* ViewExtensions.swift in Sources */ = {isa = PBXBuildFile; fileRef = 1981C7932785BBE100532A19 /* ViewExtensions.swift */; };
		1981C7962785D39200532A19 /* PublisherExtensions.swift in Sources */ = {isa = PBXBuildFile; fileRef = 1981C7952785D39200532A19 /* PublisherExtensions.swift */; };
/* End PBXBuildFile section */

/* Begin PBXContainerItemProxy section */
		1981C7772785B88C00532A19 /* PBXContainerItemProxy */ = {
			isa = PBXContainerItemProxy;
			containerPortal = 1981C75E2785B88B00532A19 /* Project object */;
			proxyType = 1;
			remoteGlobalIDString = 1981C7652785B88B00532A19;
			remoteInfo = SwiftUIToolBox;
		};
/* End PBXContainerItemProxy section */

/* Begin PBXFileReference section */
		1981C7662785B88B00532A19 /* SwiftUIToolBox.app */ = {isa = PBXFileReference; explicitFileType = wrapper.application; includeInIndex = 0; path = SwiftUIToolBox.app; sourceTree = BUILT_PRODUCTS_DIR; };
		1981C7692785B88B00532A19 /* App.swift */ = {isa = PBXFileReference; lastKnownFileType = sourcecode.swift; path = App.swift; sourceTree = "<group>"; };
		1981C76B2785B88B00532A19 /* ContentView.swift */ = {isa = PBXFileReference; lastKnownFileType = sourcecode.swift; path = ContentView.swift; sourceTree = "<group>"; };
		1981C76D2785B88C00532A19 /* Assets.xcassets */ = {isa = PBXFileReference; lastKnownFileType = folder.assetcatalog; path = Assets.xcassets; sourceTree = "<group>"; };
		1981C7702785B88C00532A19 /* Preview Assets.xcassets */ = {isa = PBXFileReference; lastKnownFileType = folder.assetcatalog; path = "Preview Assets.xcassets"; sourceTree = "<group>"; };
		1981C7762785B88C00532A19 /* SwiftUIToolBoxTests.xctest */ = {isa = PBXFileReference; explicitFileType = wrapper.cfbundle; includeInIndex = 0; path = SwiftUIToolBoxTests.xctest; sourceTree = BUILT_PRODUCTS_DIR; };
		1981C77A2785B88C00532A19 /* SwiftUIToolBoxTests.swift */ = {isa = PBXFileReference; lastKnownFileType = sourcecode.swift; path = SwiftUIToolBoxTests.swift; sourceTree = "<group>"; };
		1981C7932785BBE100532A19 /* ViewExtensions.swift */ = {isa = PBXFileReference; lastKnownFileType = sourcecode.swift; path = ViewExtensions.swift; sourceTree = "<group>"; };
		1981C7952785D39200532A19 /* PublisherExtensions.swift */ = {isa = PBXFileReference; lastKnownFileType = sourcecode.swift; path = PublisherExtensions.swift; sourceTree = "<group>"; };
/* End PBXFileReference section */

/* Begin PBXFrameworksBuildPhase section */
		1981C7632785B88B00532A19 /* Frameworks */ = {
			isa = PBXFrameworksBuildPhase;
			buildActionMask = 2147483647;
			files = (
			);
			runOnlyForDeploymentPostprocessing = 0;
		};
		1981C7732785B88C00532A19 /* Frameworks */ = {
			isa = PBXFrameworksBuildPhase;
			buildActionMask = 2147483647;
			files = (
			);
			runOnlyForDeploymentPostprocessing = 0;
		};
/* End PBXFrameworksBuildPhase section */

/* Begin PBXGroup section */
		1981C75D2785B88B00532A19 = {
			isa = PBXGroup;
			children = (
				1981C7952785D39200532A19 /* PublisherExtensions.swift */,
				1981C7682785B88B00532A19 /* SwiftUIToolBox */,
				1981C7792785B88C00532A19 /* SwiftUIToolBoxTests */,
				1981C7672785B88B00532A19 /* Products */,
			);
			sourceTree = "<group>";
		};
		1981C7672785B88B00532A19 /* Products */ = {
			isa = PBXGroup;
			children = (
				1981C7662785B88B00532A19 /* SwiftUIToolBox.app */,
				1981C7762785B88C00532A19 /* SwiftUIToolBoxTests.xctest */,
			);
			name = Products;
			sourceTree = "<group>";
		};
		1981C7682785B88B00532A19 /* SwiftUIToolBox */ = {
			isa = PBXGroup;
			children = (
				1981C7692785B88B00532A19 /* App.swift */,
				1981C76B2785B88B00532A19 /* ContentView.swift */,
				1981C76D2785B88C00532A19 /* Assets.xcassets */,
				1981C76F2785B88C00532A19 /* Preview Content */,
				1981C7932785BBE100532A19 /* ViewExtensions.swift */,
			);
			path = SwiftUIToolBox;
			sourceTree = "<group>";
		};
		1981C76F2785B88C00532A19 /* Preview Content */ = {
			isa = PBXGroup;
			children = (
				1981C7702785B88C00532A19 /* Preview Assets.xcassets */,
			);
			path = "Preview Content";
			sourceTree = "<group>";
		};
		1981C7792785B88C00532A19 /* SwiftUIToolBoxTests */ = {
			isa = PBXGroup;
			children = (
				1981C77A2785B88C00532A19 /* SwiftUIToolBoxTests.swift */,
			);
			path = SwiftUIToolBoxTests;
			sourceTree = "<group>";
		};
/* End PBXGroup section */

/* Begin PBXNativeTarget section */
		1981C7652785B88B00532A19 /* SwiftUIToolBox */ = {
			isa = PBXNativeTarget;
			buildConfigurationList = 1981C78A2785B88C00532A19 /* Build configuration list for PBXNativeTarget "SwiftUIToolBox" */;
			buildPhases = (
				1981C7622785B88B00532A19 /* Sources */,
				1981C7632785B88B00532A19 /* Frameworks */,
				1981C7642785B88B00532A19 /* Resources */,
			);
			buildRules = (
			);
			dependencies = (
			);
			name = SwiftUIToolBox;
			productName = SwiftUIToolBox;
			productReference = 1981C7662785B88B00532A19 /* SwiftUIToolBox.app */;
			productType = "com.apple.product-type.application";
		};
		1981C7752785B88C00532A19 /* SwiftUIToolBoxTests */ = {
			isa = PBXNativeTarget;
			buildConfigurationList = 1981C78D2785B88C00532A19 /* Build configuration list for PBXNativeTarget "SwiftUIToolBoxTests" */;
			buildPhases = (
				1981C7722785B88C00532A19 /* Sources */,
				1981C7732785B88C00532A19 /* Frameworks */,
				1981C7742785B88C00532A19 /* Resources */,
			);
			buildRules = (
			);
			dependencies = (
				1981C7782785B88C00532A19 /* PBXTargetDependency */,
			);
			name = SwiftUIToolBoxTests;
			productName = SwiftUIToolBoxTests;
			productReference = 1981C7762785B88C00532A19 /* SwiftUIToolBoxTests.xctest */;
			productType = "com.apple.product-type.bundle.unit-test";
		};
/* End PBXNativeTarget section */

/* Begin PBXProject section */
		1981C75E2785B88B00532A19 /* Project object */ = {
			isa = PBXProject;
			attributes = {
				BuildIndependentTargetsInParallel = 1;
				LastSwiftUpdateCheck = 1320;
				LastUpgradeCheck = 1320;
				TargetAttributes = {
					1981C7652785B88B00532A19 = {
						CreatedOnToolsVersion = 13.2.1;
					};
					1981C7752785B88C00532A19 = {
						CreatedOnToolsVersion = 13.2.1;
						TestTargetID = 1981C7652785B88B00532A19;
					};
				};
			};
			buildConfigurationList = 1981C7612785B88B00532A19 /* Build configuration list for PBXProject "SwiftUIToolBox" */;
			compatibilityVersion = "Xcode 13.0";
			developmentRegion = en;
			hasScannedForEncodings = 0;
			knownRegions = (
				en,
				Base,
			);
			mainGroup = 1981C75D2785B88B00532A19;
			productRefGroup = 1981C7672785B88B00532A19 /* Products */;
			projectDirPath = "";
			projectRoot = "";
			targets = (
				1981C7652785B88B00532A19 /* SwiftUIToolBox */,
				1981C7752785B88C00532A19 /* SwiftUIToolBoxTests */,
			);
		};
/* End PBXProject section */

/* Begin PBXResourcesBuildPhase section */
		1981C7642785B88B00532A19 /* Resources */ = {
			isa = PBXResourcesBuildPhase;
			buildActionMask = 2147483647;
			files = (
				1981C7712785B88C00532A19 /* Preview Assets.xcassets in Resources */,
				1981C76E2785B88C00532A19 /* Assets.xcassets in Resources */,
			);
			runOnlyForDeploymentPostprocessing = 0;
		};
		1981C7742785B88C00532A19 /* Resources */ = {
			isa = PBXResourcesBuildPhase;
			buildActionMask = 2147483647;
			files = (
			);
			runOnlyForDeploymentPostprocessing = 0;
		};
/* End PBXResourcesBuildPhase section */

/* Begin PBXSourcesBuildPhase section */
		1981C7622785B88B00532A19 /* Sources */ = {
			isa = PBXSourcesBuildPhase;
			buildActionMask = 2147483647;
			files = (
				1981C76C2785B88B00532A19 /* ContentView.swift in Sources */,
				1981C7942785BBE100532A19 /* ViewExtensions.swift in Sources */,
				1981C7962785D39200532A19 /* PublisherExtensions.swift in Sources */,
				1981C76A2785B88B00532A19 /* App.swift in Sources */,
			);
			runOnlyForDeploymentPostprocessing = 0;
		};
		1981C7722785B88C00532A19 /* Sources */ = {
			isa = PBXSourcesBuildPhase;
			buildActionMask = 2147483647;
			files = (
				1981C77B2785B88C00532A19 /* SwiftUIToolBoxTests.swift in Sources */,
			);
			runOnlyForDeploymentPostprocessing = 0;
		};
/* End PBXSourcesBuildPhase section */

/* Begin PBXTargetDependency section */
		1981C7782785B88C00532A19 /* PBXTargetDependency */ = {
			isa = PBXTargetDependency;
			target = 1981C7652785B88B00532A19 /* SwiftUIToolBox */;
			targetProxy = 1981C7772785B88C00532A19 /* PBXContainerItemProxy */;
		};
/* End PBXTargetDependency section */

/* Begin XCBuildConfiguration section */
		1981C7882785B88C00532A19 /* Debug */ = {
			isa = XCBuildConfiguration;
			buildSettings = {
				ALWAYS_SEARCH_USER_PATHS = NO;
				CLANG_ANALYZER_NONNULL = YES;
				CLANG_ANALYZER_NUMBER_OBJECT_CONVERSION = YES_AGGRESSIVE;
				CLANG_CXX_LANGUAGE_STANDARD = "gnu++17";
				CLANG_CXX_LIBRARY = "libc++";
				CLANG_ENABLE_MODULES = YES;
				CLANG_ENABLE_OBJC_ARC = YES;
				CLANG_ENABLE_OBJC_WEAK = YES;
				CLANG_WARN_BLOCK_CAPTURE_AUTORELEASING = YES;
				CLANG_WARN_BOOL_CONVERSION = YES;
				CLANG_WARN_COMMA = YES;
				CLANG_WARN_CONSTANT_CONVERSION = YES;
				CLANG_WARN_DEPRECATED_OBJC_IMPLEMENTATIONS = YES;
				CLANG_WARN_DIRECT_OBJC_ISA_USAGE = YES_ERROR;
				CLANG_WARN_DOCUMENTATION_COMMENTS = YES;
				CLANG_WARN_EMPTY_BODY = YES;
				CLANG_WARN_ENUM_CONVERSION = YES;
				CLANG_WARN_INFINITE_RECURSION = YES;
				CLANG_WARN_INT_CONVERSION = YES;
				CLANG_WARN_NON_LITERAL_NULL_CONVERSION = YES;
				CLANG_WARN_OBJC_IMPLICIT_RETAIN_SELF = YES;
				CLANG_WARN_OBJC_LITERAL_CONVERSION = YES;
				CLANG_WARN_OBJC_ROOT_CLASS = YES_ERROR;
				CLANG_WARN_QUOTED_INCLUDE_IN_FRAMEWORK_HEADER = YES;
				CLANG_WARN_RANGE_LOOP_ANALYSIS = YES;
				CLANG_WARN_STRICT_PROTOTYPES = YES;
				CLANG_WARN_SUSPICIOUS_MOVE = YES;
				CLANG_WARN_UNGUARDED_AVAILABILITY = YES_AGGRESSIVE;
				CLANG_WARN_UNREACHABLE_CODE = YES;
				CLANG_WARN__DUPLICATE_METHOD_MATCH = YES;
				COPY_PHASE_STRIP = NO;
				DEBUG_INFORMATION_FORMAT = dwarf;
				ENABLE_STRICT_OBJC_MSGSEND = YES;
				ENABLE_TESTABILITY = YES;
				GCC_C_LANGUAGE_STANDARD = gnu11;
				GCC_DYNAMIC_NO_PIC = NO;
				GCC_NO_COMMON_BLOCKS = YES;
				GCC_OPTIMIZATION_LEVEL = 0;
				GCC_PREPROCESSOR_DEFINITIONS = (
					"DEBUG=1",
					"$(inherited)",
				);
				GCC_WARN_64_TO_32_BIT_CONVERSION = YES;
				GCC_WARN_ABOUT_RETURN_TYPE = YES_ERROR;
				GCC_WARN_UNDECLARED_SELECTOR = YES;
				GCC_WARN_UNINITIALIZED_AUTOS = YES_AGGRESSIVE;
				GCC_WARN_UNUSED_FUNCTION = YES;
				GCC_WARN_UNUSED_VARIABLE = YES;
				IPHONEOS_DEPLOYMENT_TARGET = 14.0;
				MTL_ENABLE_DEBUG_INFO = INCLUDE_SOURCE;
				MTL_FAST_MATH = YES;
				ONLY_ACTIVE_ARCH = YES;
				SDKROOT = iphoneos;
				SWIFT_ACTIVE_COMPILATION_CONDITIONS = DEBUG;
				SWIFT_OPTIMIZATION_LEVEL = "-Onone";
			};
			name = Debug;
		};
		1981C7892785B88C00532A19 /* Release */ = {
			isa = XCBuildConfiguration;
			buildSettings = {
				ALWAYS_SEARCH_USER_PATHS = NO;
				CLANG_ANALYZER_NONNULL = YES;
				CLANG_ANALYZER_NUMBER_OBJECT_CONVERSION = YES_AGGRESSIVE;
				CLANG_CXX_LANGUAGE_STANDARD = "gnu++17";
				CLANG_CXX_LIBRARY = "libc++";
				CLANG_ENABLE_MODULES = YES;
				CLANG_ENABLE_OBJC_ARC = YES;
				CLANG_ENABLE_OBJC_WEAK = YES;
				CLANG_WARN_BLOCK_CAPTURE_AUTORELEASING = YES;
				CLANG_WARN_BOOL_CONVERSION = YES;
				CLANG_WARN_COMMA = YES;
				CLANG_WARN_CONSTANT_CONVERSION = YES;
				CLANG_WARN_DEPRECATED_OBJC_IMPLEMENTATIONS = YES;
				CLANG_WARN_DIRECT_OBJC_ISA_USAGE = YES_ERROR;
				CLANG_WARN_DOCUMENTATION_COMMENTS = YES;
				CLANG_WARN_EMPTY_BODY = YES;
				CLANG_WARN_ENUM_CONVERSION = YES;
				CLANG_WARN_INFINITE_RECURSION = YES;
				CLANG_WARN_INT_CONVERSION = YES;
				CLANG_WARN_NON_LITERAL_NULL_CONVERSION = YES;
				CLANG_WARN_OBJC_IMPLICIT_RETAIN_SELF = YES;
				CLANG_WARN_OBJC_LITERAL_CONVERSION = YES;
				CLANG_WARN_OBJC_ROOT_CLASS = YES_ERROR;
				CLANG_WARN_QUOTED_INCLUDE_IN_FRAMEWORK_HEADER = YES;
				CLANG_WARN_RANGE_LOOP_ANALYSIS = YES;
				CLANG_WARN_STRICT_PROTOTYPES = YES;
				CLANG_WARN_SUSPICIOUS_MOVE = YES;
				CLANG_WARN_UNGUARDED_AVAILABILITY = YES_AGGRESSIVE;
				CLANG_WARN_UNREACHABLE_CODE = YES;
				CLANG_WARN__DUPLICATE_METHOD_MATCH = YES;
				COPY_PHASE_STRIP = NO;
				DEBUG_INFORMATION_FORMAT = "dwarf-with-dsym";
				ENABLE_NS_ASSERTIONS = NO;
				ENABLE_STRICT_OBJC_MSGSEND = YES;
				GCC_C_LANGUAGE_STANDARD = gnu11;
				GCC_NO_COMMON_BLOCKS = YES;
				GCC_WARN_64_TO_32_BIT_CONVERSION = YES;
				GCC_WARN_ABOUT_RETURN_TYPE = YES_ERROR;
				GCC_WARN_UNDECLARED_SELECTOR = YES;
				GCC_WARN_UNINITIALIZED_AUTOS = YES_AGGRESSIVE;
				GCC_WARN_UNUSED_FUNCTION = YES;
				GCC_WARN_UNUSED_VARIABLE = YES;
				IPHONEOS_DEPLOYMENT_TARGET = 14.0;
				MTL_ENABLE_DEBUG_INFO = NO;
				MTL_FAST_MATH = YES;
				SDKROOT = iphoneos;
				SWIFT_COMPILATION_MODE = wholemodule;
				SWIFT_OPTIMIZATION_LEVEL = "-O";
				VALIDATE_PRODUCT = YES;
			};
			name = Release;
		};
		1981C78B2785B88C00532A19 /* Debug */ = {
			isa = XCBuildConfiguration;
			buildSettings = {
				ASSETCATALOG_COMPILER_APPICON_NAME = AppIcon;
				ASSETCATALOG_COMPILER_GLOBAL_ACCENT_COLOR_NAME = AccentColor;
				CODE_SIGN_STYLE = Automatic;
				CURRENT_PROJECT_VERSION = 1;
				DEVELOPMENT_ASSET_PATHS = "\"SwiftUIToolBox/Preview Content\"";
				DEVELOPMENT_TEAM = 89944GJ9HX;
				ENABLE_PREVIEWS = YES;
				GENERATE_INFOPLIST_FILE = YES;
				INFOPLIST_KEY_UIApplicationSceneManifest_Generation = YES;
				INFOPLIST_KEY_UIApplicationSupportsIndirectInputEvents = YES;
				INFOPLIST_KEY_UILaunchScreen_Generation = YES;
				INFOPLIST_KEY_UISupportedInterfaceOrientations_iPad = "UIInterfaceOrientationPortrait UIInterfaceOrientationPortraitUpsideDown UIInterfaceOrientationLandscapeLeft UIInterfaceOrientationLandscapeRight";
				INFOPLIST_KEY_UISupportedInterfaceOrientations_iPhone = "UIInterfaceOrientationPortrait UIInterfaceOrientationLandscapeLeft UIInterfaceOrientationLandscapeRight";
				LD_RUNPATH_SEARCH_PATHS = (
					"$(inherited)",
					"@executable_path/Frameworks",
				);
				MARKETING_VERSION = 1.0;
				PRODUCT_BUNDLE_IDENTIFIER = com.kakeru.SwiftUIToolBox;
				PRODUCT_NAME = "$(TARGET_NAME)";
				SWIFT_EMIT_LOC_STRINGS = YES;
				SWIFT_VERSION = 5.0;
				TARGETED_DEVICE_FAMILY = "1,2";
			};
			name = Debug;
		};
		1981C78C2785B88C00532A19 /* Release */ = {
			isa = XCBuildConfiguration;
			buildSettings = {
				ASSETCATALOG_COMPILER_APPICON_NAME = AppIcon;
				ASSETCATALOG_COMPILER_GLOBAL_ACCENT_COLOR_NAME = AccentColor;
				CODE_SIGN_STYLE = Automatic;
				CURRENT_PROJECT_VERSION = 1;
				DEVELOPMENT_ASSET_PATHS = "\"SwiftUIToolBox/Preview Content\"";
				DEVELOPMENT_TEAM = 89944GJ9HX;
				ENABLE_PREVIEWS = YES;
				GENERATE_INFOPLIST_FILE = YES;
				INFOPLIST_KEY_UIApplicationSceneManifest_Generation = YES;
				INFOPLIST_KEY_UIApplicationSupportsIndirectInputEvents = YES;
				INFOPLIST_KEY_UILaunchScreen_Generation = YES;
				INFOPLIST_KEY_UISupportedInterfaceOrientations_iPad = "UIInterfaceOrientationPortrait UIInterfaceOrientationPortraitUpsideDown UIInterfaceOrientationLandscapeLeft UIInterfaceOrientationLandscapeRight";
				INFOPLIST_KEY_UISupportedInterfaceOrientations_iPhone = "UIInterfaceOrientationPortrait UIInterfaceOrientationLandscapeLeft UIInterfaceOrientationLandscapeRight";
				LD_RUNPATH_SEARCH_PATHS = (
					"$(inherited)",
					"@executable_path/Frameworks",
				);
				MARKETING_VERSION = 1.0;
				PRODUCT_BUNDLE_IDENTIFIER = com.kakeru.SwiftUIToolBox;
				PRODUCT_NAME = "$(TARGET_NAME)";
				SWIFT_EMIT_LOC_STRINGS = YES;
				SWIFT_VERSION = 5.0;
				TARGETED_DEVICE_FAMILY = "1,2";
			};
			name = Release;
		};
		1981C78E2785B88C00532A19 /* Debug */ = {
			isa = XCBuildConfiguration;
			buildSettings = {
				ALWAYS_EMBED_SWIFT_STANDARD_LIBRARIES = YES;
				BUNDLE_LOADER = "$(TEST_HOST)";
				CODE_SIGN_STYLE = Automatic;
				CURRENT_PROJECT_VERSION = 1;
				DEVELOPMENT_TEAM = 89944GJ9HX;
				GENERATE_INFOPLIST_FILE = YES;
				IPHONEOS_DEPLOYMENT_TARGET = 15.2;
				MARKETING_VERSION = 1.0;
				PRODUCT_BUNDLE_IDENTIFIER = com.kakeru.SwiftUIToolBoxTests;
				PRODUCT_NAME = "$(TARGET_NAME)";
				SWIFT_EMIT_LOC_STRINGS = NO;
				SWIFT_VERSION = 5.0;
				TARGETED_DEVICE_FAMILY = "1,2";
				TEST_HOST = "$(BUILT_PRODUCTS_DIR)/SwiftUIToolBox.app/SwiftUIToolBox";
			};
			name = Debug;
		};
		1981C78F2785B88C00532A19 /* Release */ = {
			isa = XCBuildConfiguration;
			buildSettings = {
				ALWAYS_EMBED_SWIFT_STANDARD_LIBRARIES = YES;
				BUNDLE_LOADER = "$(TEST_HOST)";
				CODE_SIGN_STYLE = Automatic;
				CURRENT_PROJECT_VERSION = 1;
				DEVELOPMENT_TEAM = 89944GJ9HX;
				GENERATE_INFOPLIST_FILE = YES;
				IPHONEOS_DEPLOYMENT_TARGET = 15.2;
				MARKETING_VERSION = 1.0;
				PRODUCT_BUNDLE_IDENTIFIER = com.kakeru.SwiftUIToolBoxTests;
				PRODUCT_NAME = "$(TARGET_NAME)";
				SWIFT_EMIT_LOC_STRINGS = NO;
				SWIFT_VERSION = 5.0;
				TARGETED_DEVICE_FAMILY = "1,2";
				TEST_HOST = "$(BUILT_PRODUCTS_DIR)/SwiftUIToolBox.app/SwiftUIToolBox";
			};
			name = Release;
		};
/* End XCBuildConfiguration section */

/* Begin XCConfigurationList section */
		1981C7612785B88B00532A19 /* Build configuration list for PBXProject "SwiftUIToolBox" */ = {
			isa = XCConfigurationList;
			buildConfigurations = (
				1981C7882785B88C00532A19 /* Debug */,
				1981C7892785B88C00532A19 /* Release */,
			);
			defaultConfigurationIsVisible = 0;
			defaultConfigurationName = Release;
		};
		1981C78A2785B88C00532A19 /* Build configuration list for PBXNativeTarget "SwiftUIToolBox" */ = {
			isa = XCConfigurationList;
			buildConfigurations = (
				1981C78B2785B88C00532A19 /* Debug */,
				1981C78C2785B88C00532A19 /* Release */,
			);
			defaultConfigurationIsVisible = 0;
			defaultConfigurationName = Release;
		};
		1981C78D2785B88C00532A19 /* Build configuration list for PBXNativeTarget "SwiftUIToolBoxTests" */ = {
			isa = XCConfigurationList;
			buildConfigurations = (
				1981C78E2785B88C00532A19 /* Debug */,
				1981C78F2785B88C00532A19 /* Release */,
			);
			defaultConfigurationIsVisible = 0;
			defaultConfigurationName = Release;
		};
/* End XCConfigurationList section */
	};
	rootObject = 1981C75E2785B88B00532A19 /* Project object */;
}
